
Microsoft Visual Studio Solution File, Format Version 12.00
# Visual Studio 15
VisualStudioVersion = 15.0.28307.136
MinimumVisualStudioVersion = 10.0.40219.1
Project("{FAE04EC0-301F-11D3-BF4B-00C04F79EFBC}") = "Email Scraper", "Email Scraper\Email Scraper.csproj", "{47A12C74-20C5-48FF-9686-C88B7784CDA0}"
EndProject
Global
	GlobalSection(SolutionConfigurationPlatforms) = preSolution
		Debug|Any CPU = Debug|Any CPU
		Release|Any CPU = Release|Any CPU
	EndGlobalSection
	GlobalSection(ProjectConfigurationPlatforms) = postSolution
		{47A12C74-20C5-48FF-9686-C88B7784CDA0}.Debug|Any CPU.ActiveCfg = Debug|Any CPU
		{47A12C74-20C5-48FF-9686-C88B7784CDA0}.Debug|Any CPU.Build.0 = Debug|Any CPU
		{47A12C74-20C5-48FF-9686-C88B7784CDA0}.Release|Any CPU.ActiveCfg = Release|Any CPU
		{47A12C74-20C5-48FF-9686-C88B7784CDA0}.Release|Any CPU.Build.0 = Release|Any CPU
	EndGlobalSection
	GlobalSection(SolutionProperties) = preSolution
		HideSolutionNode = FALSE
	EndGlobalSection
	GlobalSection(ExtensibilityGlobals) = postSolution
		SolutionGuid = {39D2586F-842B-45E2-95EE-D3F2DFFF74BD}
	EndGlobalSection
EndGlobal
